
Microsoft Visual Studio Solution File, Format Version 12.00
# Visual Studio Version 17
VisualStudioVersion = 17.10.35013.160
MinimumVisualStudioVersion = 10.0.40219.1
Project("{2150E333-8FDC-42A3-9474-1A3956D46DE8}") = "src", "src", "{2A8E5F9D-75C2-463C-91FF-87ADCE8F80F2}"
EndProject
Project("{2150E333-8FDC-42A3-9474-1A3956D46DE8}") = "test", "test", "{811E5B61-EF79-419B-BB5F-80D3FE6743A0}"
EndProject
Project("{9A19103F-16F7-4668-BE54-9A1E7A4F7556}") = "EntityTreeManager.EF", "src\EntityTreeManager.EF\EntityTreeManager.EF.csproj", "{D4D9381B-36CC-4EFF-9D52-74A6BE39A723}"
EndProject
Project("{2150E333-8FDC-42A3-9474-1A3956D46DE8}") = "sample", "sample", "{F07039DD-8296-4800-B828-382A5DD925E4}"
EndProject
Global
	GlobalSection(SolutionConfigurationPlatforms) = preSolution
		Debug|Any CPU = Debug|Any CPU
		Release|Any CPU = Release|Any CPU
	EndGlobalSection
	GlobalSection(ProjectConfigurationPlatforms) = postSolution
		{D4D9381B-36CC-4EFF-9D52-74A6BE39A723}.Debug|Any CPU.ActiveCfg = Debug|Any CPU
		{D4D9381B-36CC-4EFF-9D52-74A6BE39A723}.Debug|Any CPU.Build.0 = Debug|Any CPU
		{D4D9381B-36CC-4EFF-9D52-74A6BE39A723}.Release|Any CPU.ActiveCfg = Release|Any CPU
		{D4D9381B-36CC-4EFF-9D52-74A6BE39A723}.Release|Any CPU.Build.0 = Release|Any CPU
	EndGlobalSection
	GlobalSection(SolutionProperties) = preSolution
		HideSolutionNode = FALSE
	EndGlobalSection
	GlobalSection(NestedProjects) = preSolution
		{D4D9381B-36CC-4EFF-9D52-74A6BE39A723} = {2A8E5F9D-75C2-463C-91FF-87ADCE8F80F2}
	EndGlobalSection
	GlobalSection(ExtensibilityGlobals) = postSolution
		SolutionGuid = {A5428F0A-0D31-4479-A114-5CB2BABE89E3}
	EndGlobalSection
EndGlobal
